
Microsoft Visual Studio Solution File, Format Version 12.00
# Visual Studio Version 17
VisualStudioVersion = 17.9.34728.123
MinimumVisualStudioVersion = 10.0.40219.1
Project("{54A90642-561A-4BB1-A94E-469ADEE60C69}") = "Cars", "Cars\Cars.esproj", "{BEE63A1F-C11F-4588-BD6F-A46FEAA981EF}"
EndProject
Global
	GlobalSection(SolutionConfigurationPlatforms) = preSolution
		Debug|Any CPU = Debug|Any CPU
		Release|Any CPU = Release|Any CPU
	EndGlobalSection
	GlobalSection(ProjectConfigurationPlatforms) = postSolution
		{BEE63A1F-C11F-4588-BD6F-A46FEAA981EF}.Debug|Any CPU.ActiveCfg = Debug|Any CPU
		{BEE63A1F-C11F-4588-BD6F-A46FEAA981EF}.Debug|Any CPU.Build.0 = Debug|Any CPU
		{BEE63A1F-C11F-4588-BD6F-A46FEAA981EF}.Debug|Any CPU.Deploy.0 = Debug|Any CPU
		{BEE63A1F-C11F-4588-BD6F-A46FEAA981EF}.Release|Any CPU.ActiveCfg = Release|Any CPU
		{BEE63A1F-C11F-4588-BD6F-A46FEAA981EF}.Release|Any CPU.Build.0 = Release|Any CPU
		{BEE63A1F-C11F-4588-BD6F-A46FEAA981EF}.Release|Any CPU.Deploy.0 = Release|Any CPU
	EndGlobalSection
	GlobalSection(SolutionProperties) = preSolution
		HideSolutionNode = FALSE
	EndGlobalSection
	GlobalSection(ExtensibilityGlobals) = postSolution
		SolutionGuid = {DCC45791-77A2-4674-8324-7FECAC17A130}
	EndGlobalSection
EndGlobal
